<?xml version="1.0" encoding="utf-8"?>
<Project ToolsVersion="4.0" xmlns="http://schemas.microsoft.com/developer/msbuild/2003">
  <ItemGroup>
    <ClCompile Include="..\source\Game.cpp" />
    <ClCompile Include="..\source\Timer.cpp" />
    <ClCompile Include="..\source\WinMain.cpp" />
    <ClCompile Include="..\source\Box.cpp">
      <Filter>Objects</Filter>
    </ClCompile>
    <ClCompile Include="..\source\GameObject.cpp">
      <Filter>Objects</Filter>
    </ClCompile>
    <ClCompile Include="..\source\Camera.cpp">
      <Filter>Objects</Filter>
    </ClCompile>
    <ClCompile Include="..\source\Graphics.cpp">
      <Filter>Graphics</Filter>
    </ClCompile>
    <ClCompile Include="..\source\Texture.cpp">
      <Filter>Graphics</Filter>
    </ClCompile>
    <ClCompile Include="..\source\Triangle.cpp">
      <Filter>Graphics</Filter>
    </ClCompile>
    <ClCompile Include="..\source\Matrix.cpp">
      <Filter>Math</Filter>
    </ClCompile>
  </ItemGroup>
  <ItemGroup>
    <ClInclude Include="..\source\Game.h" />
    <ClInclude Include="..\source\Timer.h" />
    <ClInclude Include="..\source\Box.h">
      <Filter>Objects</Filter>
    </ClInclude>
    <ClInclude Include="..\source\GameObject.h">
      <Filter>Objects</Filter>
    </ClInclude>
    <ClInclude Include="..\source\Camera.h">
      <Filter>Objects</Filter>
    </ClInclude>
    <ClInclude Include="..\source\Vector.h">
      <Filter>Math</Filter>
    </ClInclude>
    <ClInclude Include="..\source\Colors.h">
      <Filter>Graphics</Filter>
    </ClInclude>
    <ClInclude Include="..\source\Graphics.h">
      <Filter>Graphics</Filter>
    </ClInclude>
    <ClInclude Include="..\source\Texture.h">
      <Filter>Graphics</Filter>
    </ClInclude>
    <ClInclude Include="..\source\Triangle.h">
      <Filter>Graphics</Filter>
    </ClInclude>
    <ClInclude Include="..\source\Vertex.h">
      <Filter>Graphics</Filter>
    </ClInclude>
    <ClInclude Include="..\source\Matrix.h">
      <Filter>Math</Filter>
    </ClInclude>
  </ItemGroup>
  <ItemGroup>
    <Image Include="..\source\crate.bmp" />
  </ItemGroup>
  <ItemGroup>
    <Filter Include="Graphics">
      <UniqueIdentifier>{f3f51293-86ca-4cab-80bd-56ed026cb137}</UniqueIdentifier>
    </Filter>
    <Filter Include="Math">
      <UniqueIdentifier>{64834c7e-7585-4e44-9fab-b122a5c43ba8}</UniqueIdentifier>
    </Filter>
    <Filter Include="Objects">
      <UniqueIdentifier>{8a1b1e0e-002d-4313-b5ff-b93be747e8c0}</UniqueIdentifier>
    </Filter>
  </ItemGroup>
  <ItemGroup>
    <None Include="..\source\Vector.inl">
      <Filter>Math</Filter>
    </None>
  </ItemGroup>
</Project>