<?xml version="1.0" encoding="utf-8"?>
<Project ToolsVersion="4.0" xmlns="http://schemas.microsoft.com/developer/msbuild/2003">
  <ItemGroup>
    <Filter Include="Math">
      <UniqueIdentifier>{7da7d16b-fefc-4bfd-b5a7-dd80c5b7d502}</UniqueIdentifier>
    </Filter>
    <Filter Include="Graphics">
      <UniqueIdentifier>{465a14a8-2ad2-44ea-92d3-3bb7e4b9e0cd}</UniqueIdentifier>
    </Filter>
    <Filter Include="Objects">
      <UniqueIdentifier>{9a12550e-dc2d-4a57-8594-1ccade680368}</UniqueIdentifier>
    </Filter>
  </ItemGroup>
  <ItemGroup>
    <ClInclude Include="..\source\Vector.h">
      <Filter>Math</Filter>
    </ClInclude>
    <ClInclude Include="..\source\Matrix.h">
      <Filter>Math</Filter>
    </ClInclude>
    <ClInclude Include="..\source\Vertex.h">
      <Filter>Graphics</Filter>
    </ClInclude>
    <ClInclude Include="..\source\Graphics.h">
      <Filter>Graphics</Filter>
    </ClInclude>
    <ClInclude Include="..\source\Texture.h">
      <Filter>Graphics</Filter>
    </ClInclude>
    <ClInclude Include="..\source\Triangle.h">
      <Filter>Graphics</Filter>
    </ClInclude>
    <ClInclude Include="..\source\GameObject.h">
      <Filter>Objects</Filter>
    </ClInclude>
    <ClInclude Include="..\source\Game.h" />
    <ClInclude Include="..\source\Camera.h">
      <Filter>Objects</Filter>
    </ClInclude>
    <ClInclude Include="..\source\Timer.h" />
    <ClInclude Include="..\source\Box.h">
      <Filter>Objects</Filter>
    </ClInclude>
    <ClInclude Include="..\source\Colors.h">
      <Filter>Graphics</Filter>
    </ClInclude>
  </ItemGroup>
  <ItemGroup>
    <None Include="..\source\Vector.inl">
      <Filter>Math</Filter>
    </None>
  </ItemGroup>
  <ItemGroup>
    <ClCompile Include="..\source\Matrix.cpp">
      <Filter>Math</Filter>
    </ClCompile>
    <ClCompile Include="..\source\Graphics.cpp">
      <Filter>Graphics</Filter>
    </ClCompile>
    <ClCompile Include="..\source\Texture.cpp">
      <Filter>Graphics</Filter>
    </ClCompile>
    <ClCompile Include="..\source\WinMain.cpp" />
    <ClCompile Include="..\source\GameObject.cpp">
      <Filter>Objects</Filter>
    </ClCompile>
    <ClCompile Include="..\source\Game.cpp" />
    <ClCompile Include="..\source\Timer.cpp" />
    <ClCompile Include="..\source\Camera.cpp">
      <Filter>Objects</Filter>
    </ClCompile>
    <ClCompile Include="..\source\Box.cpp">
      <Filter>Objects</Filter>
    </ClCompile>
    <ClCompile Include="..\source\Triangle.cpp">
      <Filter>Graphics</Filter>
    </ClCompile>
  </ItemGroup>
  <ItemGroup>
    <Image Include="..\source\crate.bmp" />
  </ItemGroup>
</Project>