<?xml version="1.0" encoding="utf-8"?>
<Project ToolsVersion="4.0" xmlns="http://schemas.microsoft.com/developer/msbuild/2003">
  <ItemGroup>
    <Filter Include="Math">
      <UniqueIdentifier>{7da7d16b-fefc-4bfd-b5a7-dd80c5b7d502}</UniqueIdentifier>
    </Filter>
    <Filter Include="Graphics">
      <UniqueIdentifier>{465a14a8-2ad2-44ea-92d3-3bb7e4b9e0cd}</UniqueIdentifier>
    </Filter>
    <Filter Include="Objects">
      <UniqueIdentifier>{9a12550e-dc2d-4a57-8594-1ccade680368}</UniqueIdentifier>
    </Filter>
  </ItemGroup>
  <ItemGroup>
    <ClInclude Include="Vector.h">
      <Filter>Math</Filter>
    </ClInclude>
    <ClInclude Include="Matrix.h">
      <Filter>Math</Filter>
    </ClInclude>
    <ClInclude Include="Vertex.h">
      <Filter>Graphics</Filter>
    </ClInclude>
    <ClInclude Include="Graphics.h">
      <Filter>Graphics</Filter>
    </ClInclude>
    <ClInclude Include="Texture.h">
      <Filter>Graphics</Filter>
    </ClInclude>
    <ClInclude Include="Triangle.h">
      <Filter>Graphics</Filter>
    </ClInclude>
    <ClInclude Include="GameObject.h">
      <Filter>Objects</Filter>
    </ClInclude>
    <ClInclude Include="Game.h" />
    <ClInclude Include="Camera.h">
      <Filter>Objects</Filter>
    </ClInclude>
    <ClInclude Include="Timer.h" />
    <ClInclude Include="Box.h">
      <Filter>Objects</Filter>
    </ClInclude>
    <ClInclude Include="Colors.h">
      <Filter>Graphics</Filter>
    </ClInclude>
  </ItemGroup>
  <ItemGroup>
    <None Include="Vector.inl">
      <Filter>Math</Filter>
    </None>
  </ItemGroup>
  <ItemGroup>
    <ClCompile Include="Matrix.cpp">
      <Filter>Math</Filter>
    </ClCompile>
    <ClCompile Include="Graphics.cpp">
      <Filter>Graphics</Filter>
    </ClCompile>
    <ClCompile Include="Texture.cpp">
      <Filter>Graphics</Filter>
    </ClCompile>
    <ClCompile Include="WinMain.cpp" />
    <ClCompile Include="GameObject.cpp">
      <Filter>Objects</Filter>
    </ClCompile>
    <ClCompile Include="Game.cpp" />
    <ClCompile Include="Timer.cpp" />
    <ClCompile Include="Camera.cpp">
      <Filter>Objects</Filter>
    </ClCompile>
    <ClCompile Include="Box.cpp">
      <Filter>Objects</Filter>
    </ClCompile>
    <ClCompile Include="Triangle.cpp">
      <Filter>Graphics</Filter>
    </ClCompile>
  </ItemGroup>
</Project>